
Microsoft Visual Studio Solution File, Format Version 12.00
Project("{FAE04EC0-301F-11D3-BF4B-00C04F79EFBC}") = "Day01", "Day01\Day01.csproj", "{B9B9213A-A9B2-426F-A602-9AC8B29384B7}"
EndProject
Project("{FAE04EC0-301F-11D3-BF4B-00C04F79EFBC}") = "Day02", "Day02\Day02.csproj", "{7F4D4316-CE5C-4F24-8C9D-F1F078FCE9F8}"
EndProject
Project("{FAE04EC0-301F-11D3-BF4B-00C04F79EFBC}") = "Day03", "Day03\Day03.csproj", "{DA0D10C2-2E92-4AB6-B71F-5FF721A2BD0F}"
EndProject
Global
	GlobalSection(SolutionConfigurationPlatforms) = preSolution
		Debug|Any CPU = Debug|Any CPU
		Release|Any CPU = Release|Any CPU
	EndGlobalSection
	GlobalSection(ProjectConfigurationPlatforms) = postSolution
		{B9B9213A-A9B2-426F-A602-9AC8B29384B7}.Debug|Any CPU.ActiveCfg = Debug|Any CPU
		{B9B9213A-A9B2-426F-A602-9AC8B29384B7}.Debug|Any CPU.Build.0 = Debug|Any CPU
		{B9B9213A-A9B2-426F-A602-9AC8B29384B7}.Release|Any CPU.ActiveCfg = Release|Any CPU
		{B9B9213A-A9B2-426F-A602-9AC8B29384B7}.Release|Any CPU.Build.0 = Release|Any CPU
		{7F4D4316-CE5C-4F24-8C9D-F1F078FCE9F8}.Debug|Any CPU.ActiveCfg = Debug|Any CPU
		{7F4D4316-CE5C-4F24-8C9D-F1F078FCE9F8}.Debug|Any CPU.Build.0 = Debug|Any CPU
		{7F4D4316-CE5C-4F24-8C9D-F1F078FCE9F8}.Release|Any CPU.ActiveCfg = Release|Any CPU
		{7F4D4316-CE5C-4F24-8C9D-F1F078FCE9F8}.Release|Any CPU.Build.0 = Release|Any CPU
		{DA0D10C2-2E92-4AB6-B71F-5FF721A2BD0F}.Debug|Any CPU.ActiveCfg = Debug|Any CPU
		{DA0D10C2-2E92-4AB6-B71F-5FF721A2BD0F}.Debug|Any CPU.Build.0 = Debug|Any CPU
		{DA0D10C2-2E92-4AB6-B71F-5FF721A2BD0F}.Release|Any CPU.ActiveCfg = Release|Any CPU
		{DA0D10C2-2E92-4AB6-B71F-5FF721A2BD0F}.Release|Any CPU.Build.0 = Release|Any CPU
	EndGlobalSection
EndGlobal
